%{"calliope": {:package, "0.2.4"},
  "cowboy": {:package, "1.0.0"},
  "cowlib": {:package, "1.0.0"},
  "decimal": {:package, "0.2.4"},
  "ecto": {:package, "0.2.3"},
  "inflex": {:package, "0.2.4"},
  "jazz": {:package, "0.1.2"},
  "jsex": {:package, "2.0.0"},
  "jsx": {:package, "2.0.4"},
  "linguist": {:package, "0.1.0"},
  "phoenix": {:git, "git://github.com/phoenixframework/phoenix.git", "79ee671b6720e106141b9fa8ecb6aafd7cfc2ac0", []},
  "phoenix_haml": {:package, "0.0.2"},
  "plug": {:package, "0.5.3"},
  "poolboy": {:package, "1.2.1"},
  "postgrex": {:package, "0.5.4"},
  "ranch": {:package, "1.0.0"}}
